
Microsoft Visual Studio Solution File, Format Version 12.00
# Visual Studio Version 16
VisualStudioVersion = 16.0.30204.135
MinimumVisualStudioVersion = 10.0.40219.1
Project("{FAE04EC0-301F-11D3-BF4B-00C04F79EFBC}") = "webCrawler", "webCrawler\webCrawler.csproj", "{580663BC-BE53-47BD-BBCE-24AE7D567787}"
EndProject
Global
	GlobalSection(SolutionConfigurationPlatforms) = preSolution
		Debug|Any CPU = Debug|Any CPU
		Release|Any CPU = Release|Any CPU
	EndGlobalSection
	GlobalSection(ProjectConfigurationPlatforms) = postSolution
		{580663BC-BE53-47BD-BBCE-24AE7D567787}.Debug|Any CPU.ActiveCfg = Debug|Any CPU
		{580663BC-BE53-47BD-BBCE-24AE7D567787}.Debug|Any CPU.Build.0 = Debug|Any CPU
		{580663BC-BE53-47BD-BBCE-24AE7D567787}.Release|Any CPU.ActiveCfg = Release|Any CPU
		{580663BC-BE53-47BD-BBCE-24AE7D567787}.Release|Any CPU.Build.0 = Release|Any CPU
	EndGlobalSection
	GlobalSection(SolutionProperties) = preSolution
		HideSolutionNode = FALSE
	EndGlobalSection
	GlobalSection(ExtensibilityGlobals) = postSolution
		SolutionGuid = {223FC115-97BE-41F9-9C82-EFA1A6717844}
	EndGlobalSection
EndGlobal
